
Microsoft Visual Studio Solution File, Format Version 12.00
# Visual Studio Version 16
VisualStudioVersion = 16.0.31624.102
MinimumVisualStudioVersion = 10.0.40219.1
Project("{9A19103F-16F7-4668-BE54-9A1E7A4F7556}") = "WebSongs", "WebSongs\WebSongs.csproj", "{BF1264A2-D00E-40B9-A15B-901711C84307}"
EndProject
Project("{FAE04EC0-301F-11D3-BF4B-00C04F79EFBC}") = "ApiSongs", "ApiSongs\ApiSongs.csproj", "{C3A5CCEA-683F-4A00-8F3D-A1D8FDE5A5D5}"
EndProject
Global
	GlobalSection(SolutionConfigurationPlatforms) = preSolution
		Debug|Any CPU = Debug|Any CPU
		Release|Any CPU = Release|Any CPU
	EndGlobalSection
	GlobalSection(ProjectConfigurationPlatforms) = postSolution
		{BF1264A2-D00E-40B9-A15B-901711C84307}.Debug|Any CPU.ActiveCfg = Debug|Any CPU
		{BF1264A2-D00E-40B9-A15B-901711C84307}.Debug|Any CPU.Build.0 = Debug|Any CPU
		{BF1264A2-D00E-40B9-A15B-901711C84307}.Release|Any CPU.ActiveCfg = Release|Any CPU
		{BF1264A2-D00E-40B9-A15B-901711C84307}.Release|Any CPU.Build.0 = Release|Any CPU
		{C3A5CCEA-683F-4A00-8F3D-A1D8FDE5A5D5}.Debug|Any CPU.ActiveCfg = Debug|Any CPU
		{C3A5CCEA-683F-4A00-8F3D-A1D8FDE5A5D5}.Debug|Any CPU.Build.0 = Debug|Any CPU
		{C3A5CCEA-683F-4A00-8F3D-A1D8FDE5A5D5}.Release|Any CPU.ActiveCfg = Release|Any CPU
		{C3A5CCEA-683F-4A00-8F3D-A1D8FDE5A5D5}.Release|Any CPU.Build.0 = Release|Any CPU
	EndGlobalSection
	GlobalSection(SolutionProperties) = preSolution
		HideSolutionNode = FALSE
	EndGlobalSection
	GlobalSection(ExtensibilityGlobals) = postSolution
		SolutionGuid = {4D243CAD-B899-4CEA-91DE-D8918691D73E}
	EndGlobalSection
EndGlobal
